
Microsoft Visual Studio Solution File, Format Version 12.00
# Visual Studio Version 17
VisualStudioVersion = 17.11.35327.3
MinimumVisualStudioVersion = 10.0.40219.1
Project("{FAE04EC0-301F-11D3-BF4B-00C04F79EFBC}") = "NumberGuessingGame", "NumberGuessingGame.csproj", "{AFC3CA36-9232-4BF7-AB48-2343EA27367C}"
EndProject
Global
	GlobalSection(SolutionConfigurationPlatforms) = preSolution
		Debug|Any CPU = Debug|Any CPU
		Release|Any CPU = Release|Any CPU
	EndGlobalSection
	GlobalSection(ProjectConfigurationPlatforms) = postSolution
		{AFC3CA36-9232-4BF7-AB48-2343EA27367C}.Debug|Any CPU.ActiveCfg = Debug|Any CPU
		{AFC3CA36-9232-4BF7-AB48-2343EA27367C}.Debug|Any CPU.Build.0 = Debug|Any CPU
		{AFC3CA36-9232-4BF7-AB48-2343EA27367C}.Release|Any CPU.ActiveCfg = Release|Any CPU
		{AFC3CA36-9232-4BF7-AB48-2343EA27367C}.Release|Any CPU.Build.0 = Release|Any CPU
	EndGlobalSection
	GlobalSection(SolutionProperties) = preSolution
		HideSolutionNode = FALSE
	EndGlobalSection
	GlobalSection(ExtensibilityGlobals) = postSolution
		SolutionGuid = {A3DD6756-EC89-4BA3-9B55-69D6E7DD16A3}
	EndGlobalSection
EndGlobal
